
Microsoft Visual Studio Solution File, Format Version 12.00
# Visual Studio Version 16
VisualStudioVersion = 16.0.29230.47
MinimumVisualStudioVersion = 10.0.40219.1
Project("{FAE04EC0-301F-11D3-BF4B-00C04F79EFBC}") = "Task1", "Task1\Task1.csproj", "{CD1ADBDA-4BE1-40CC-B4E6-AA288B2F4FBC}"
EndProject
Project("{FAE04EC0-301F-11D3-BF4B-00C04F79EFBC}") = "Task2", "Task2\Task2.csproj", "{5363719B-6732-407D-90B1-42BB1D88A45B}"
EndProject
Project("{FAE04EC0-301F-11D3-BF4B-00C04F79EFBC}") = "Task3", "Task3\Task3.csproj", "{F51AC741-EB5C-45F2-92FB-7069497C5C23}"
EndProject
Project("{FAE04EC0-301F-11D3-BF4B-00C04F79EFBC}") = "Task4", "Task4\Task4.csproj", "{8BE9EC59-EB7E-4D6B-894E-90531BCAFF32}"
EndProject
Project("{FAE04EC0-301F-11D3-BF4B-00C04F79EFBC}") = "Task5", "Task5\Task5.csproj", "{4D044D2C-461D-4B80-BEDE-29F3245C04F0}"
EndProject
Project("{FAE04EC0-301F-11D3-BF4B-00C04F79EFBC}") = "Task6", "Task6\Task6.csproj", "{02B70494-64A1-4984-B351-0CB2D53EFE01}"
EndProject
Project("{FAE04EC0-301F-11D3-BF4B-00C04F79EFBC}") = "Task7", "Task7\Task7.csproj", "{98FA2EE6-A1B4-4B8A-801F-EFAFDCFDE557}"
EndProject
Global
	GlobalSection(SolutionConfigurationPlatforms) = preSolution
		Debug|Any CPU = Debug|Any CPU
		Release|Any CPU = Release|Any CPU
	EndGlobalSection
	GlobalSection(ProjectConfigurationPlatforms) = postSolution
		{CD1ADBDA-4BE1-40CC-B4E6-AA288B2F4FBC}.Debug|Any CPU.ActiveCfg = Debug|Any CPU
		{CD1ADBDA-4BE1-40CC-B4E6-AA288B2F4FBC}.Debug|Any CPU.Build.0 = Debug|Any CPU
		{CD1ADBDA-4BE1-40CC-B4E6-AA288B2F4FBC}.Release|Any CPU.ActiveCfg = Release|Any CPU
		{CD1ADBDA-4BE1-40CC-B4E6-AA288B2F4FBC}.Release|Any CPU.Build.0 = Release|Any CPU
		{5363719B-6732-407D-90B1-42BB1D88A45B}.Debug|Any CPU.ActiveCfg = Debug|Any CPU
		{5363719B-6732-407D-90B1-42BB1D88A45B}.Debug|Any CPU.Build.0 = Debug|Any CPU
		{5363719B-6732-407D-90B1-42BB1D88A45B}.Release|Any CPU.ActiveCfg = Release|Any CPU
		{5363719B-6732-407D-90B1-42BB1D88A45B}.Release|Any CPU.Build.0 = Release|Any CPU
		{F51AC741-EB5C-45F2-92FB-7069497C5C23}.Debug|Any CPU.ActiveCfg = Debug|Any CPU
		{F51AC741-EB5C-45F2-92FB-7069497C5C23}.Debug|Any CPU.Build.0 = Debug|Any CPU
		{F51AC741-EB5C-45F2-92FB-7069497C5C23}.Release|Any CPU.ActiveCfg = Release|Any CPU
		{F51AC741-EB5C-45F2-92FB-7069497C5C23}.Release|Any CPU.Build.0 = Release|Any CPU
		{8BE9EC59-EB7E-4D6B-894E-90531BCAFF32}.Debug|Any CPU.ActiveCfg = Debug|Any CPU
		{8BE9EC59-EB7E-4D6B-894E-90531BCAFF32}.Debug|Any CPU.Build.0 = Debug|Any CPU
		{8BE9EC59-EB7E-4D6B-894E-90531BCAFF32}.Release|Any CPU.ActiveCfg = Release|Any CPU
		{8BE9EC59-EB7E-4D6B-894E-90531BCAFF32}.Release|Any CPU.Build.0 = Release|Any CPU
		{4D044D2C-461D-4B80-BEDE-29F3245C04F0}.Debug|Any CPU.ActiveCfg = Debug|Any CPU
		{4D044D2C-461D-4B80-BEDE-29F3245C04F0}.Debug|Any CPU.Build.0 = Debug|Any CPU
		{4D044D2C-461D-4B80-BEDE-29F3245C04F0}.Release|Any CPU.ActiveCfg = Release|Any CPU
		{4D044D2C-461D-4B80-BEDE-29F3245C04F0}.Release|Any CPU.Build.0 = Release|Any CPU
		{02B70494-64A1-4984-B351-0CB2D53EFE01}.Debug|Any CPU.ActiveCfg = Debug|Any CPU
		{02B70494-64A1-4984-B351-0CB2D53EFE01}.Debug|Any CPU.Build.0 = Debug|Any CPU
		{02B70494-64A1-4984-B351-0CB2D53EFE01}.Release|Any CPU.ActiveCfg = Release|Any CPU
		{02B70494-64A1-4984-B351-0CB2D53EFE01}.Release|Any CPU.Build.0 = Release|Any CPU
		{98FA2EE6-A1B4-4B8A-801F-EFAFDCFDE557}.Debug|Any CPU.ActiveCfg = Debug|Any CPU
		{98FA2EE6-A1B4-4B8A-801F-EFAFDCFDE557}.Debug|Any CPU.Build.0 = Debug|Any CPU
		{98FA2EE6-A1B4-4B8A-801F-EFAFDCFDE557}.Release|Any CPU.ActiveCfg = Release|Any CPU
		{98FA2EE6-A1B4-4B8A-801F-EFAFDCFDE557}.Release|Any CPU.Build.0 = Release|Any CPU
	EndGlobalSection
	GlobalSection(SolutionProperties) = preSolution
		HideSolutionNode = FALSE
	EndGlobalSection
	GlobalSection(ExtensibilityGlobals) = postSolution
		SolutionGuid = {9CF3DED5-8B24-4FA5-8E98-A1AE88537F34}
	EndGlobalSection
EndGlobal
