
Microsoft Visual Studio Solution File, Format Version 12.00
# Visual Studio Version 16
VisualStudioVersion = 16.0.29306.81
MinimumVisualStudioVersion = 10.0.40219.1
Project("{FAE04EC0-301F-11D3-BF4B-00C04F79EFBC}") = "Task1", "Task1\Task1.csproj", "{16B91D25-63DB-4AA7-B560-F24FEB0B5EA1}"
EndProject
Project("{FAE04EC0-301F-11D3-BF4B-00C04F79EFBC}") = "Task2", "Task2\Task2.csproj", "{091CA055-2AFA-45DF-85C7-99B03C00649B}"
EndProject
Project("{FAE04EC0-301F-11D3-BF4B-00C04F79EFBC}") = "Task4", "Task4\Task4.csproj", "{0A6F47CC-8B3E-4E42-8271-74A4D6DDE69E}"
EndProject
Project("{FAE04EC0-301F-11D3-BF4B-00C04F79EFBC}") = "Task3", "Task3\Task3.csproj", "{32BBB41C-8939-441C-996B-757002A5CBAA}"
EndProject
Global
	GlobalSection(SolutionConfigurationPlatforms) = preSolution
		Debug|Any CPU = Debug|Any CPU
		Release|Any CPU = Release|Any CPU
	EndGlobalSection
	GlobalSection(ProjectConfigurationPlatforms) = postSolution
		{16B91D25-63DB-4AA7-B560-F24FEB0B5EA1}.Debug|Any CPU.ActiveCfg = Debug|Any CPU
		{16B91D25-63DB-4AA7-B560-F24FEB0B5EA1}.Debug|Any CPU.Build.0 = Debug|Any CPU
		{16B91D25-63DB-4AA7-B560-F24FEB0B5EA1}.Release|Any CPU.ActiveCfg = Release|Any CPU
		{16B91D25-63DB-4AA7-B560-F24FEB0B5EA1}.Release|Any CPU.Build.0 = Release|Any CPU
		{091CA055-2AFA-45DF-85C7-99B03C00649B}.Debug|Any CPU.ActiveCfg = Debug|Any CPU
		{091CA055-2AFA-45DF-85C7-99B03C00649B}.Debug|Any CPU.Build.0 = Debug|Any CPU
		{091CA055-2AFA-45DF-85C7-99B03C00649B}.Release|Any CPU.ActiveCfg = Release|Any CPU
		{091CA055-2AFA-45DF-85C7-99B03C00649B}.Release|Any CPU.Build.0 = Release|Any CPU
		{0A6F47CC-8B3E-4E42-8271-74A4D6DDE69E}.Debug|Any CPU.ActiveCfg = Debug|Any CPU
		{0A6F47CC-8B3E-4E42-8271-74A4D6DDE69E}.Debug|Any CPU.Build.0 = Debug|Any CPU
		{0A6F47CC-8B3E-4E42-8271-74A4D6DDE69E}.Release|Any CPU.ActiveCfg = Release|Any CPU
		{0A6F47CC-8B3E-4E42-8271-74A4D6DDE69E}.Release|Any CPU.Build.0 = Release|Any CPU
		{32BBB41C-8939-441C-996B-757002A5CBAA}.Debug|Any CPU.ActiveCfg = Debug|Any CPU
		{32BBB41C-8939-441C-996B-757002A5CBAA}.Debug|Any CPU.Build.0 = Debug|Any CPU
		{32BBB41C-8939-441C-996B-757002A5CBAA}.Release|Any CPU.ActiveCfg = Release|Any CPU
		{32BBB41C-8939-441C-996B-757002A5CBAA}.Release|Any CPU.Build.0 = Release|Any CPU
	EndGlobalSection
	GlobalSection(SolutionProperties) = preSolution
		HideSolutionNode = FALSE
	EndGlobalSection
	GlobalSection(ExtensibilityGlobals) = postSolution
		SolutionGuid = {988A939F-C865-4574-A337-3CDB46703A12}
	EndGlobalSection
EndGlobal
