
Microsoft Visual Studio Solution File, Format Version 12.00
# Visual Studio Version 16
VisualStudioVersion = 16.0.29411.108
MinimumVisualStudioVersion = 10.0.40219.1
Project("{FAE04EC0-301F-11D3-BF4B-00C04F79EFBC}") = "Expressions.Task1", "Expressions.Task1\Expressions.Task1.csproj", "{93235676-C588-4F73-886C-70DB539BCDC9}"
EndProject
Project("{FAE04EC0-301F-11D3-BF4B-00C04F79EFBC}") = "Expressions.Task2", "Expressions.Task2\Expressions.Task2.csproj", "{3672D2A3-746C-4C84-B601-C2B4A184C123}"
EndProject
Global
	GlobalSection(SolutionConfigurationPlatforms) = preSolution
		Debug|Any CPU = Debug|Any CPU
		Release|Any CPU = Release|Any CPU
	EndGlobalSection
	GlobalSection(ProjectConfigurationPlatforms) = postSolution
		{93235676-C588-4F73-886C-70DB539BCDC9}.Debug|Any CPU.ActiveCfg = Debug|Any CPU
		{93235676-C588-4F73-886C-70DB539BCDC9}.Debug|Any CPU.Build.0 = Debug|Any CPU
		{93235676-C588-4F73-886C-70DB539BCDC9}.Release|Any CPU.ActiveCfg = Release|Any CPU
		{93235676-C588-4F73-886C-70DB539BCDC9}.Release|Any CPU.Build.0 = Release|Any CPU
		{3672D2A3-746C-4C84-B601-C2B4A184C123}.Debug|Any CPU.ActiveCfg = Debug|Any CPU
		{3672D2A3-746C-4C84-B601-C2B4A184C123}.Debug|Any CPU.Build.0 = Debug|Any CPU
		{3672D2A3-746C-4C84-B601-C2B4A184C123}.Release|Any CPU.ActiveCfg = Release|Any CPU
		{3672D2A3-746C-4C84-B601-C2B4A184C123}.Release|Any CPU.Build.0 = Release|Any CPU
	EndGlobalSection
	GlobalSection(SolutionProperties) = preSolution
		HideSolutionNode = FALSE
	EndGlobalSection
	GlobalSection(ExtensibilityGlobals) = postSolution
		SolutionGuid = {47D07533-F8E9-4595-8490-AC9A676995EE}
	EndGlobalSection
EndGlobal
