
Microsoft Visual Studio Solution File, Format Version 12.00
# Visual Studio Version 16
VisualStudioVersion = 16.0.29411.108
MinimumVisualStudioVersion = 10.0.40219.1
Project("{FAE04EC0-301F-11D3-BF4B-00C04F79EFBC}") = "Expressions.Task1", "Expressions.Task1\Expressions.Task1.csproj", "{93235676-C588-4F73-886C-70DB539BCDC9}"
EndProject
Project("{FAE04EC0-301F-11D3-BF4B-00C04F79EFBC}") = "Expressions.Task2", "Expressions.Task2\Expressions.Task2.csproj", "{3672D2A3-746C-4C84-B601-C2B4A184C123}"
EndProject
Project("{9A19103F-16F7-4668-BE54-9A1E7A4F7556}") = "Expressions.Task3.E3SQueryProvider", "Expressions.Task3.E3SQueryProvider\Expressions.Task3.E3SQueryProvider.csproj", "{F74B361B-9FE6-4122-8451-470980314B7E}"
EndProject
Project("{9A19103F-16F7-4668-BE54-9A1E7A4F7556}") = "Expressions.Task3.E3SQueryProvider.Test", "Expressions.Task3.E3SQueryProvider.Test\Expressions.Task3.E3SQueryProvider.Test.csproj", "{31BCEF48-A9F5-40AD-AD3B-7427949FA3E6}"
EndProject
Global
	GlobalSection(SolutionConfigurationPlatforms) = preSolution
		Debug|Any CPU = Debug|Any CPU
		Release|Any CPU = Release|Any CPU
	EndGlobalSection
	GlobalSection(ProjectConfigurationPlatforms) = postSolution
		{93235676-C588-4F73-886C-70DB539BCDC9}.Debug|Any CPU.ActiveCfg = Debug|Any CPU
		{93235676-C588-4F73-886C-70DB539BCDC9}.Debug|Any CPU.Build.0 = Debug|Any CPU
		{93235676-C588-4F73-886C-70DB539BCDC9}.Release|Any CPU.ActiveCfg = Release|Any CPU
		{93235676-C588-4F73-886C-70DB539BCDC9}.Release|Any CPU.Build.0 = Release|Any CPU
		{3672D2A3-746C-4C84-B601-C2B4A184C123}.Debug|Any CPU.ActiveCfg = Debug|Any CPU
		{3672D2A3-746C-4C84-B601-C2B4A184C123}.Debug|Any CPU.Build.0 = Debug|Any CPU
		{3672D2A3-746C-4C84-B601-C2B4A184C123}.Release|Any CPU.ActiveCfg = Release|Any CPU
		{3672D2A3-746C-4C84-B601-C2B4A184C123}.Release|Any CPU.Build.0 = Release|Any CPU
		{F74B361B-9FE6-4122-8451-470980314B7E}.Debug|Any CPU.ActiveCfg = Debug|Any CPU
		{F74B361B-9FE6-4122-8451-470980314B7E}.Debug|Any CPU.Build.0 = Debug|Any CPU
		{F74B361B-9FE6-4122-8451-470980314B7E}.Release|Any CPU.ActiveCfg = Release|Any CPU
		{F74B361B-9FE6-4122-8451-470980314B7E}.Release|Any CPU.Build.0 = Release|Any CPU
		{31BCEF48-A9F5-40AD-AD3B-7427949FA3E6}.Debug|Any CPU.ActiveCfg = Debug|Any CPU
		{31BCEF48-A9F5-40AD-AD3B-7427949FA3E6}.Debug|Any CPU.Build.0 = Debug|Any CPU
		{31BCEF48-A9F5-40AD-AD3B-7427949FA3E6}.Release|Any CPU.ActiveCfg = Release|Any CPU
		{31BCEF48-A9F5-40AD-AD3B-7427949FA3E6}.Release|Any CPU.Build.0 = Release|Any CPU
	EndGlobalSection
	GlobalSection(SolutionProperties) = preSolution
		HideSolutionNode = FALSE
	EndGlobalSection
	GlobalSection(ExtensibilityGlobals) = postSolution
		SolutionGuid = {47D07533-F8E9-4595-8490-AC9A676995EE}
	EndGlobalSection
EndGlobal
